github.com/Jasper13006/helloplatzimod v0.0.0-20220312151553-529244e3c620 h1:FQa6OC73EFkk+dUX8dw0+Lnk2ArIFmFQsHAOo78p1iM=
github.com/Jasper13006/helloplatzimod v0.0.0-20220312151553-529244e3c620/go.mod h1:I9OhyTFaCNRNKD7Z3Kadg1YO7WUXzz+5M5YU85ED/XI=
github.com/nestor94/helloplatzimod v0.0.0-20210513193648-65ad9a6e553e h1:xrngQCvHdc5a1rlivJ26L2/A7IxPYZo7vD8vaqb4wdA=
github.com/nestor94/helloplatzimod v0.0.0-20210513193648-65ad9a6e553e/go.mod h1:T+9lOSnwk/xf65MhjElZAWSr3vHhcZIxDnns+ELCtSE=
